
Microsoft Visual Studio Solution File, Format Version 12.00
Project("{FAE04EC0-301F-11D3-BF4B-00C04F79EFBC}") = "PowerPipe", "src\PowerPipe\PowerPipe.csproj", "{50E596B7-210A-4C26-9E3F-1C5969921E70}"
EndProject
Project("{FAE04EC0-301F-11D3-BF4B-00C04F79EFBC}") = "PowerPipe.Extensions.MicrosoftDependencyInjection", "src\PowerPipe.Extensions.MicrosoftDependencyInjection\PowerPipe.Extensions.MicrosoftDependencyInjection.csproj", "{446A4C0C-999C-4FB7-A336-F07182F183BC}"
EndProject
Project("{FAE04EC0-301F-11D3-BF4B-00C04F79EFBC}") = "PowerPipe.UnitTests", "tests\PowerPipe.UnitTests\PowerPipe.UnitTests.csproj", "{7307FC89-968C-4769-B1A3-C3C2F7B439A8}"
EndProject
Project("{2150E333-8FDC-42A3-9474-1A3956D46DE8}") = "Samples", "Samples", "{5A41270C-1028-4CDE-B6B9-F867B1FBB613}"
EndProject
Project("{FAE04EC0-301F-11D3-BF4B-00C04F79EFBC}") = "PowerPipe.Sample", "samples\PowerPipe.Sample\PowerPipe.Sample.csproj", "{931462F7-C5FE-4A73-9F2C-75D79AD6F9F0}"
EndProject
Project("{FAE04EC0-301F-11D3-BF4B-00C04F79EFBC}") = "PowerPipe.Visualization", "src\PowerPipe.Visualization\PowerPipe.Visualization.csproj", "{2AB1CB82-0B84-494B-A391-4D1EB73B52D5}"
EndProject
Project("{FAE04EC0-301F-11D3-BF4B-00C04F79EFBC}") = "PowerPipe.Visualization.Extensions.MicrosoftDependencyInjection", "src\PowerPipe.Visualization.Extensions.MicrosoftDependencyInjection\PowerPipe.Visualization.Extensions.MicrosoftDependencyInjection.csproj", "{50C7988C-E66C-410D-8B09-35FD707D5A7C}"
EndProject
Project("{2150E333-8FDC-42A3-9474-1A3956D46DE8}") = "Tests", "Tests", "{CFF6E12F-B083-428E-990C-D1221F97D7D0}"
EndProject
Global
	GlobalSection(SolutionConfigurationPlatforms) = preSolution
		Debug|Any CPU = Debug|Any CPU
		Release|Any CPU = Release|Any CPU
	EndGlobalSection
	GlobalSection(ProjectConfigurationPlatforms) = postSolution
		{50E596B7-210A-4C26-9E3F-1C5969921E70}.Debug|Any CPU.ActiveCfg = Debug|Any CPU
		{50E596B7-210A-4C26-9E3F-1C5969921E70}.Debug|Any CPU.Build.0 = Debug|Any CPU
		{50E596B7-210A-4C26-9E3F-1C5969921E70}.Release|Any CPU.ActiveCfg = Release|Any CPU
		{50E596B7-210A-4C26-9E3F-1C5969921E70}.Release|Any CPU.Build.0 = Release|Any CPU
		{446A4C0C-999C-4FB7-A336-F07182F183BC}.Debug|Any CPU.ActiveCfg = Debug|Any CPU
		{446A4C0C-999C-4FB7-A336-F07182F183BC}.Debug|Any CPU.Build.0 = Debug|Any CPU
		{446A4C0C-999C-4FB7-A336-F07182F183BC}.Release|Any CPU.ActiveCfg = Release|Any CPU
		{446A4C0C-999C-4FB7-A336-F07182F183BC}.Release|Any CPU.Build.0 = Release|Any CPU
		{7307FC89-968C-4769-B1A3-C3C2F7B439A8}.Debug|Any CPU.ActiveCfg = Debug|Any CPU
		{7307FC89-968C-4769-B1A3-C3C2F7B439A8}.Debug|Any CPU.Build.0 = Debug|Any CPU
		{7307FC89-968C-4769-B1A3-C3C2F7B439A8}.Release|Any CPU.ActiveCfg = Release|Any CPU
		{7307FC89-968C-4769-B1A3-C3C2F7B439A8}.Release|Any CPU.Build.0 = Release|Any CPU
		{931462F7-C5FE-4A73-9F2C-75D79AD6F9F0}.Debug|Any CPU.ActiveCfg = Debug|Any CPU
		{931462F7-C5FE-4A73-9F2C-75D79AD6F9F0}.Debug|Any CPU.Build.0 = Debug|Any CPU
		{931462F7-C5FE-4A73-9F2C-75D79AD6F9F0}.Release|Any CPU.ActiveCfg = Release|Any CPU
		{931462F7-C5FE-4A73-9F2C-75D79AD6F9F0}.Release|Any CPU.Build.0 = Release|Any CPU
		{2AB1CB82-0B84-494B-A391-4D1EB73B52D5}.Debug|Any CPU.ActiveCfg = Debug|Any CPU
		{2AB1CB82-0B84-494B-A391-4D1EB73B52D5}.Debug|Any CPU.Build.0 = Debug|Any CPU
		{2AB1CB82-0B84-494B-A391-4D1EB73B52D5}.Release|Any CPU.ActiveCfg = Release|Any CPU
		{2AB1CB82-0B84-494B-A391-4D1EB73B52D5}.Release|Any CPU.Build.0 = Release|Any CPU
		{50C7988C-E66C-410D-8B09-35FD707D5A7C}.Debug|Any CPU.ActiveCfg = Debug|Any CPU
		{50C7988C-E66C-410D-8B09-35FD707D5A7C}.Debug|Any CPU.Build.0 = Debug|Any CPU
		{50C7988C-E66C-410D-8B09-35FD707D5A7C}.Release|Any CPU.ActiveCfg = Release|Any CPU
		{50C7988C-E66C-410D-8B09-35FD707D5A7C}.Release|Any CPU.Build.0 = Release|Any CPU
	EndGlobalSection
	GlobalSection(NestedProjects) = preSolution
		{931462F7-C5FE-4A73-9F2C-75D79AD6F9F0} = {5A41270C-1028-4CDE-B6B9-F867B1FBB613}
		{7307FC89-968C-4769-B1A3-C3C2F7B439A8} = {CFF6E12F-B083-428E-990C-D1221F97D7D0}
	EndGlobalSection
EndGlobal
