
Microsoft Visual Studio Solution File, Format Version 12.00
Project("{FAE04EC0-301F-11D3-BF4B-00C04F79EFBC}") = "PowerPipe", "src\PowerPipe\PowerPipe.csproj", "{50E596B7-210A-4C26-9E3F-1C5969921E70}"
EndProject
Project("{FAE04EC0-301F-11D3-BF4B-00C04F79EFBC}") = "PowerPipe.Extensions.MicrosoftDependencyInjection", "src\PowerPipe.Extensions.MicrosoftDependencyInjection\PowerPipe.Extensions.MicrosoftDependencyInjection.csproj", "{446A4C0C-999C-4FB7-A336-F07182F183BC}"
EndProject
Global
	GlobalSection(SolutionConfigurationPlatforms) = preSolution
		Debug|Any CPU = Debug|Any CPU
		Release|Any CPU = Release|Any CPU
	EndGlobalSection
	GlobalSection(ProjectConfigurationPlatforms) = postSolution
		{50E596B7-210A-4C26-9E3F-1C5969921E70}.Debug|Any CPU.ActiveCfg = Debug|Any CPU
		{50E596B7-210A-4C26-9E3F-1C5969921E70}.Debug|Any CPU.Build.0 = Debug|Any CPU
		{50E596B7-210A-4C26-9E3F-1C5969921E70}.Release|Any CPU.ActiveCfg = Release|Any CPU
		{50E596B7-210A-4C26-9E3F-1C5969921E70}.Release|Any CPU.Build.0 = Release|Any CPU
		{446A4C0C-999C-4FB7-A336-F07182F183BC}.Debug|Any CPU.ActiveCfg = Debug|Any CPU
		{446A4C0C-999C-4FB7-A336-F07182F183BC}.Debug|Any CPU.Build.0 = Debug|Any CPU
		{446A4C0C-999C-4FB7-A336-F07182F183BC}.Release|Any CPU.ActiveCfg = Release|Any CPU
		{446A4C0C-999C-4FB7-A336-F07182F183BC}.Release|Any CPU.Build.0 = Release|Any CPU
	EndGlobalSection
EndGlobal
